
Microsoft Visual Studio Solution File, Format Version 12.00
# Visual Studio Version 17
VisualStudioVersion = 17.9.34607.119
MinimumVisualStudioVersion = 10.0.40219.1
Project("{FAE04EC0-301F-11D3-BF4B-00C04F79EFBC}") = "ProductWebApp", "ProductWebApp.csproj", "{67C59591-8BD7-4A28-8B5C-D661057E03FF}"
EndProject
Global
	GlobalSection(SolutionConfigurationPlatforms) = preSolution
		Debug|Any CPU = Debug|Any CPU
		Release|Any CPU = Release|Any CPU
	EndGlobalSection
	GlobalSection(ProjectConfigurationPlatforms) = postSolution
		{67C59591-8BD7-4A28-8B5C-D661057E03FF}.Debug|Any CPU.ActiveCfg = Debug|Any CPU
		{67C59591-8BD7-4A28-8B5C-D661057E03FF}.Debug|Any CPU.Build.0 = Debug|Any CPU
		{67C59591-8BD7-4A28-8B5C-D661057E03FF}.Release|Any CPU.ActiveCfg = Release|Any CPU
		{67C59591-8BD7-4A28-8B5C-D661057E03FF}.Release|Any CPU.Build.0 = Release|Any CPU
	EndGlobalSection
	GlobalSection(SolutionProperties) = preSolution
		HideSolutionNode = FALSE
	EndGlobalSection
	GlobalSection(ExtensibilityGlobals) = postSolution
		SolutionGuid = {C8D8365D-F366-4B2A-BA6F-23625C8E9A2F}
	EndGlobalSection
EndGlobal
